
Microsoft Visual Studio Solution File, Format Version 12.00
# Visual Studio 15
VisualStudioVersion = 15.0.28307.852
MinimumVisualStudioVersion = 10.0.40219.1
Project("{FAE04EC0-301F-11D3-BF4B-00C04F79EFBC}") = "APAS__PluginImp", "APAS__PluginImp\APAS__PluginImp_Template.csproj", "{5C60D164-E58D-40B0-9937-00AEBE2E2ED5}"
EndProject
Project("{FAE04EC0-301F-11D3-BF4B-00C04F79EFBC}") = "APAS__SystemServiceContract", "APAS__SystemServiceContract\APAS__SystemServiceContract.csproj", "{8405E274-99F2-4175-9009-39E516649EFC}"
EndProject
Project("{FAE04EC0-301F-11D3-BF4B-00C04F79EFBC}") = "APAS__PluginContract", "APAS__PluginContract\APAS__PluginContract\APAS__PluginContract.csproj", "{AF6324CF-DC27-4496-BC7A-91F7FF674F05}"
EndProject
Global
	GlobalSection(SolutionConfigurationPlatforms) = preSolution
		Debug|Any CPU = Debug|Any CPU
		Release|Any CPU = Release|Any CPU
	EndGlobalSection
	GlobalSection(ProjectConfigurationPlatforms) = postSolution
		{5C60D164-E58D-40B0-9937-00AEBE2E2ED5}.Debug|Any CPU.ActiveCfg = Debug|Any CPU
		{5C60D164-E58D-40B0-9937-00AEBE2E2ED5}.Debug|Any CPU.Build.0 = Debug|Any CPU
		{5C60D164-E58D-40B0-9937-00AEBE2E2ED5}.Release|Any CPU.ActiveCfg = Release|Any CPU
		{5C60D164-E58D-40B0-9937-00AEBE2E2ED5}.Release|Any CPU.Build.0 = Release|Any CPU
		{8405E274-99F2-4175-9009-39E516649EFC}.Debug|Any CPU.ActiveCfg = Debug|Any CPU
		{8405E274-99F2-4175-9009-39E516649EFC}.Debug|Any CPU.Build.0 = Debug|Any CPU
		{8405E274-99F2-4175-9009-39E516649EFC}.Release|Any CPU.ActiveCfg = Release|Any CPU
		{8405E274-99F2-4175-9009-39E516649EFC}.Release|Any CPU.Build.0 = Release|Any CPU
		{AF6324CF-DC27-4496-BC7A-91F7FF674F05}.Debug|Any CPU.ActiveCfg = Debug|Any CPU
		{AF6324CF-DC27-4496-BC7A-91F7FF674F05}.Debug|Any CPU.Build.0 = Debug|Any CPU
		{AF6324CF-DC27-4496-BC7A-91F7FF674F05}.Release|Any CPU.ActiveCfg = Release|Any CPU
		{AF6324CF-DC27-4496-BC7A-91F7FF674F05}.Release|Any CPU.Build.0 = Release|Any CPU
	EndGlobalSection
	GlobalSection(SolutionProperties) = preSolution
		HideSolutionNode = FALSE
	EndGlobalSection
	GlobalSection(ExtensibilityGlobals) = postSolution
		SolutionGuid = {DBEBC63B-3BD8-42E6-B759-B7D3D8B54574}
	EndGlobalSection
EndGlobal
